
Microsoft Visual Studio Solution File, Format Version 12.00
# Visual Studio Version 16
VisualStudioVersion = 16.0.30804.86
MinimumVisualStudioVersion = 10.0.40219.1
Project("{FAE04EC0-301F-11D3-BF4B-00C04F79EFBC}") = "TimestampVersion", "TimestampVersion\TimestampVersion.csproj", "{9B9857ED-3927-46FF-9C8A-2AF5A190F22D}"
EndProject
Project("{2150E333-8FDC-42A3-9474-1A3956D46DE8}") = "Solution Items", "Solution Items", "{DE66F690-3580-45AB-AD1D-A2C9D967A031}"
	ProjectSection(SolutionItems) = preProject
		gpl-3.0.txt = gpl-3.0.txt
		GPLv3.svg = GPLv3.svg
		README.md = README.md
	EndProjectSection
EndProject
Project("{2150E333-8FDC-42A3-9474-1A3956D46DE8}") = ".github", ".github", "{AF7BF6E3-230E-4C77-B24E-9E207FB4EC02}"
EndProject
Project("{2150E333-8FDC-42A3-9474-1A3956D46DE8}") = "workflows", "workflows", "{8C305481-8F1F-4C28-8ED4-C730B8313E2A}"
	ProjectSection(SolutionItems) = preProject
		.github\workflows\release.yml = .github\workflows\release.yml
	EndProjectSection
EndProject
Global
	GlobalSection(SolutionConfigurationPlatforms) = preSolution
		Debug|Any CPU = Debug|Any CPU
		Release|Any CPU = Release|Any CPU
	EndGlobalSection
	GlobalSection(ProjectConfigurationPlatforms) = postSolution
		{9B9857ED-3927-46FF-9C8A-2AF5A190F22D}.Debug|Any CPU.ActiveCfg = Debug|Any CPU
		{9B9857ED-3927-46FF-9C8A-2AF5A190F22D}.Debug|Any CPU.Build.0 = Debug|Any CPU
		{9B9857ED-3927-46FF-9C8A-2AF5A190F22D}.Release|Any CPU.ActiveCfg = Release|Any CPU
		{9B9857ED-3927-46FF-9C8A-2AF5A190F22D}.Release|Any CPU.Build.0 = Release|Any CPU
	EndGlobalSection
	GlobalSection(SolutionProperties) = preSolution
		HideSolutionNode = FALSE
	EndGlobalSection
	GlobalSection(NestedProjects) = preSolution
		{AF7BF6E3-230E-4C77-B24E-9E207FB4EC02} = {DE66F690-3580-45AB-AD1D-A2C9D967A031}
		{8C305481-8F1F-4C28-8ED4-C730B8313E2A} = {AF7BF6E3-230E-4C77-B24E-9E207FB4EC02}
	EndGlobalSection
	GlobalSection(ExtensibilityGlobals) = postSolution
		SolutionGuid = {1DEADF27-EBA0-40B8-849D-A167D2E30B4D}
	EndGlobalSection
EndGlobal
